
Microsoft Visual Studio Solution File, Format Version 12.00
# Visual Studio 14
VisualStudioVersion = 14.0.25420.1
MinimumVisualStudioVersion = 10.0.40219.1
Project("{FAE04EC0-301F-11D3-BF4B-00C04F79EFBC}") = "Pro_MVC_23_AjaxUrlHelpers", "Pro_MVC_23_AjaxUrlHelpers\Pro_MVC_23_AjaxUrlHelpers.csproj", "{2C6E5B63-9C61-4391-944A-3513B14ECE7E}"
EndProject
Project("{FAE04EC0-301F-11D3-BF4B-00C04F79EFBC}") = "Pro_MVC_15_UrlRouting", "Pro_MVC_15_UrlRouting\Pro_MVC_15_UrlRouting.csproj", "{E13303B6-4CED-4E9A-8691-263CF9886DC9}"
EndProject
Project("{FAE04EC0-301F-11D3-BF4B-00C04F79EFBC}") = "UrlRouting.Tests", "UrlRouting.Tests\UrlRouting.Tests.csproj", "{C80AC531-0DBE-4F3B-8C07-01CC02FB3BD5}"
EndProject
Project("{FAE04EC0-301F-11D3-BF4B-00C04F79EFBC}") = "Pro_MVC_18_Filters", "Pro_MVC_18_Filters\Pro_MVC_18_Filters.csproj", "{BB2099A0-61CF-4601-9157-CDAB4A51F69D}"
EndProject
Project("{FAE04EC0-301F-11D3-BF4B-00C04F79EFBC}") = "Pro_MVC_25_ModelValidation", "Pro_MVC_25_ModelValidation\Pro_MVC_25_ModelValidation.csproj", "{DAD69E87-4C9D-42E2-8BF0-0F10A2AD2E32}"
EndProject
Project("{FAE04EC0-301F-11D3-BF4B-00C04F79EFBC}") = "Pro_MVC_24_ModelBinding", "Pro_MVC_24_ModelBinding\Pro_MVC_24_ModelBinding.csproj", "{9B9A3956-A0DC-4523-AA7D-5686594C2AC7}"
EndProject
Project("{FAE04EC0-301F-11D3-BF4B-00C04F79EFBC}") = "Professional_MVC_17_ExceptionLogging", "Professional_MVC_17_ExceptionLogging\Professional_MVC_17_ExceptionLogging.csproj", "{DF2168DE-E914-435C-9C0A-44C67DB81E33}"
EndProject
Project("{FAE04EC0-301F-11D3-BF4B-00C04F79EFBC}") = "MCTS_Tk_Chap1_Les1", "MCTS_Tk_Chap1_Les1\MCTS_Tk_Chap1_Les1.csproj", "{F708B6DD-7738-4B13-B801-8CB9A6547695}"
EndProject
Project("{FAE04EC0-301F-11D3-BF4B-00C04F79EFBC}") = "WCF_Client", "WCF_Client\WCF_Client.csproj", "{35DD5536-BE2D-4806-AB27-BFAA1F53802C}"
	ProjectSection(ProjectDependencies) = postProject
		{F708B6DD-7738-4B13-B801-8CB9A6547695} = {F708B6DD-7738-4B13-B801-8CB9A6547695}
	EndProjectSection
EndProject
Project("{2150E333-8FDC-42A3-9474-1A3956D46DE8}") = "Web services", "Web services", "{9EA176E3-B460-4BBE-A764-980BE045A69B}"
EndProject
Project("{FAE04EC0-301F-11D3-BF4B-00C04F79EFBC}") = "MCTS_Tk_Chap1_Les2_CustomHeader", "MCTS_Tk_Chap1_Les2_CustomHeader\MCTS_Tk_Chap1_Les2_CustomHeader.csproj", "{82E22676-5C5B-4325-8F9C-9F89C5DA0D92}"
EndProject
Project("{FAE04EC0-301F-11D3-BF4B-00C04F79EFBC}") = "SportsStore", "SportsStore\SportsStore.csproj", "{A3244D16-DE6D-4CE9-BB32-2968512840FD}"
EndProject
Project("{2150E333-8FDC-42A3-9474-1A3956D46DE8}") = "ODD", "ODD", "{C7CCA092-E523-481A-997F-98B5238DF705}"
EndProject
Project("{FAE04EC0-301F-11D3-BF4B-00C04F79EFBC}") = "MVC_Political", "MVC_Political\MVC_Political.csproj", "{9A16E1F7-2BAF-4D7C-AFD2-E8794764A0A0}"
EndProject
Project("{2150E333-8FDC-42A3-9474-1A3956D46DE8}") = "Core_Net", "Core_Net", "{C83DC914-E4D5-4966-A59C-8287E4349250}"
EndProject
Project("{FAE04EC0-301F-11D3-BF4B-00C04F79EFBC}") = "_01_CodeContracts", "_01_CodeContracts\_01_CodeContracts.csproj", "{9EAF6C7F-BF47-4C68-BE82-F2BC4E8B9895}"
EndProject
Project("{FAE04EC0-301F-11D3-BF4B-00C04F79EFBC}") = "02_NLog", "02_NLog\02_NLog.csproj", "{8753B227-EBF6-43FB-AD04-5327938D4EF6}"
EndProject
Project("{FAE04EC0-301F-11D3-BF4B-00C04F79EFBC}") = "03_TypeViewer", "03_TypeViewer\03_TypeViewer.csproj", "{E8DDDC7A-39C4-4A43-9E41-0913852FB9FA}"
EndProject
Project("{FAE04EC0-301F-11D3-BF4B-00C04F79EFBC}") = "04_ExternalAssemblyReflector", "04_ExternalAssemblyReflector\04_ExternalAssemblyReflector.csproj", "{99171B6A-4804-4D1C-948E-5B583837CE6A}"
EndProject
Project("{FAE04EC0-301F-11D3-BF4B-00C04F79EFBC}") = "05_LateBindingApp", "05_LateBindingApp\05_LateBindingApp.csproj", "{25324394-D1F2-4FE6-97F8-3A870A695266}"
EndProject
Project("{FAE04EC0-301F-11D3-BF4B-00C04F79EFBC}") = "_FakeLib", "_FakeLib\_FakeLib.csproj", "{41D4DE64-DAC8-4102-8F64-6CEB239E4F69}"
EndProject
Project("{2150E333-8FDC-42A3-9474-1A3956D46DE8}") = "Lib", "Lib", "{F01C4C6D-3A51-4E64-AC71-71D8D302245B}"
EndProject
Project("{FAE04EC0-301F-11D3-BF4B-00C04F79EFBC}") = "06_ApplyingAttributes", "06_ApplyingAttributes\06_ApplyingAttributes.csproj", "{089229B3-72EA-40B6-9509-92BB5640A75B}"
EndProject
Project("{FAE04EC0-301F-11D3-BF4B-00C04F79EFBC}") = "07_LinqToXml", "07_LinqToXml\07_LinqToXml.csproj", "{F1AE9FCC-5003-41A5-A2A3-E53FF9B4BA3E}"
EndProject
Project("{FAE04EC0-301F-11D3-BF4B-00C04F79EFBC}") = "08_LinqToXmlWinApp", "08_LinqToXmlWinApp\08_LinqToXmlWinApp.csproj", "{F43BAAC0-774F-4BA0-8376-643F93C2115E}"
EndProject
Project("{FAE04EC0-301F-11D3-BF4B-00C04F79EFBC}") = "09_MemoryCache", "09_MemoryCache\09_MemoryCache.csproj", "{960E511E-AF2F-4449-A240-28AC67B881A2}"
EndProject
Global
	GlobalSection(SolutionConfigurationPlatforms) = preSolution
		Debug|Any CPU = Debug|Any CPU
		Release|Any CPU = Release|Any CPU
	EndGlobalSection
	GlobalSection(ProjectConfigurationPlatforms) = postSolution
		{2C6E5B63-9C61-4391-944A-3513B14ECE7E}.Debug|Any CPU.ActiveCfg = Debug|Any CPU
		{2C6E5B63-9C61-4391-944A-3513B14ECE7E}.Debug|Any CPU.Build.0 = Debug|Any CPU
		{2C6E5B63-9C61-4391-944A-3513B14ECE7E}.Release|Any CPU.ActiveCfg = Release|Any CPU
		{2C6E5B63-9C61-4391-944A-3513B14ECE7E}.Release|Any CPU.Build.0 = Release|Any CPU
		{E13303B6-4CED-4E9A-8691-263CF9886DC9}.Debug|Any CPU.ActiveCfg = Debug|Any CPU
		{E13303B6-4CED-4E9A-8691-263CF9886DC9}.Debug|Any CPU.Build.0 = Debug|Any CPU
		{E13303B6-4CED-4E9A-8691-263CF9886DC9}.Release|Any CPU.ActiveCfg = Release|Any CPU
		{E13303B6-4CED-4E9A-8691-263CF9886DC9}.Release|Any CPU.Build.0 = Release|Any CPU
		{C80AC531-0DBE-4F3B-8C07-01CC02FB3BD5}.Debug|Any CPU.ActiveCfg = Debug|Any CPU
		{C80AC531-0DBE-4F3B-8C07-01CC02FB3BD5}.Debug|Any CPU.Build.0 = Debug|Any CPU
		{C80AC531-0DBE-4F3B-8C07-01CC02FB3BD5}.Release|Any CPU.ActiveCfg = Release|Any CPU
		{C80AC531-0DBE-4F3B-8C07-01CC02FB3BD5}.Release|Any CPU.Build.0 = Release|Any CPU
		{BB2099A0-61CF-4601-9157-CDAB4A51F69D}.Debug|Any CPU.ActiveCfg = Debug|Any CPU
		{BB2099A0-61CF-4601-9157-CDAB4A51F69D}.Debug|Any CPU.Build.0 = Debug|Any CPU
		{BB2099A0-61CF-4601-9157-CDAB4A51F69D}.Release|Any CPU.ActiveCfg = Release|Any CPU
		{BB2099A0-61CF-4601-9157-CDAB4A51F69D}.Release|Any CPU.Build.0 = Release|Any CPU
		{DAD69E87-4C9D-42E2-8BF0-0F10A2AD2E32}.Debug|Any CPU.ActiveCfg = Debug|Any CPU
		{DAD69E87-4C9D-42E2-8BF0-0F10A2AD2E32}.Debug|Any CPU.Build.0 = Debug|Any CPU
		{DAD69E87-4C9D-42E2-8BF0-0F10A2AD2E32}.Release|Any CPU.ActiveCfg = Release|Any CPU
		{DAD69E87-4C9D-42E2-8BF0-0F10A2AD2E32}.Release|Any CPU.Build.0 = Release|Any CPU
		{9B9A3956-A0DC-4523-AA7D-5686594C2AC7}.Debug|Any CPU.ActiveCfg = Debug|Any CPU
		{9B9A3956-A0DC-4523-AA7D-5686594C2AC7}.Debug|Any CPU.Build.0 = Debug|Any CPU
		{9B9A3956-A0DC-4523-AA7D-5686594C2AC7}.Release|Any CPU.ActiveCfg = Release|Any CPU
		{9B9A3956-A0DC-4523-AA7D-5686594C2AC7}.Release|Any CPU.Build.0 = Release|Any CPU
		{DF2168DE-E914-435C-9C0A-44C67DB81E33}.Debug|Any CPU.ActiveCfg = Debug|Any CPU
		{DF2168DE-E914-435C-9C0A-44C67DB81E33}.Debug|Any CPU.Build.0 = Debug|Any CPU
		{DF2168DE-E914-435C-9C0A-44C67DB81E33}.Release|Any CPU.ActiveCfg = Release|Any CPU
		{DF2168DE-E914-435C-9C0A-44C67DB81E33}.Release|Any CPU.Build.0 = Release|Any CPU
		{F708B6DD-7738-4B13-B801-8CB9A6547695}.Debug|Any CPU.ActiveCfg = Debug|Any CPU
		{F708B6DD-7738-4B13-B801-8CB9A6547695}.Debug|Any CPU.Build.0 = Debug|Any CPU
		{F708B6DD-7738-4B13-B801-8CB9A6547695}.Release|Any CPU.ActiveCfg = Release|Any CPU
		{F708B6DD-7738-4B13-B801-8CB9A6547695}.Release|Any CPU.Build.0 = Release|Any CPU
		{35DD5536-BE2D-4806-AB27-BFAA1F53802C}.Debug|Any CPU.ActiveCfg = Debug|Any CPU
		{35DD5536-BE2D-4806-AB27-BFAA1F53802C}.Debug|Any CPU.Build.0 = Debug|Any CPU
		{35DD5536-BE2D-4806-AB27-BFAA1F53802C}.Release|Any CPU.ActiveCfg = Release|Any CPU
		{35DD5536-BE2D-4806-AB27-BFAA1F53802C}.Release|Any CPU.Build.0 = Release|Any CPU
		{82E22676-5C5B-4325-8F9C-9F89C5DA0D92}.Debug|Any CPU.ActiveCfg = Debug|Any CPU
		{82E22676-5C5B-4325-8F9C-9F89C5DA0D92}.Debug|Any CPU.Build.0 = Debug|Any CPU
		{82E22676-5C5B-4325-8F9C-9F89C5DA0D92}.Release|Any CPU.ActiveCfg = Release|Any CPU
		{82E22676-5C5B-4325-8F9C-9F89C5DA0D92}.Release|Any CPU.Build.0 = Release|Any CPU
		{A3244D16-DE6D-4CE9-BB32-2968512840FD}.Debug|Any CPU.ActiveCfg = Debug|Any CPU
		{A3244D16-DE6D-4CE9-BB32-2968512840FD}.Debug|Any CPU.Build.0 = Debug|Any CPU
		{A3244D16-DE6D-4CE9-BB32-2968512840FD}.Release|Any CPU.ActiveCfg = Release|Any CPU
		{A3244D16-DE6D-4CE9-BB32-2968512840FD}.Release|Any CPU.Build.0 = Release|Any CPU
		{9A16E1F7-2BAF-4D7C-AFD2-E8794764A0A0}.Debug|Any CPU.ActiveCfg = Debug|Any CPU
		{9A16E1F7-2BAF-4D7C-AFD2-E8794764A0A0}.Debug|Any CPU.Build.0 = Debug|Any CPU
		{9A16E1F7-2BAF-4D7C-AFD2-E8794764A0A0}.Release|Any CPU.ActiveCfg = Release|Any CPU
		{9A16E1F7-2BAF-4D7C-AFD2-E8794764A0A0}.Release|Any CPU.Build.0 = Release|Any CPU
		{9EAF6C7F-BF47-4C68-BE82-F2BC4E8B9895}.Debug|Any CPU.ActiveCfg = Debug|Any CPU
		{9EAF6C7F-BF47-4C68-BE82-F2BC4E8B9895}.Debug|Any CPU.Build.0 = Debug|Any CPU
		{9EAF6C7F-BF47-4C68-BE82-F2BC4E8B9895}.Release|Any CPU.ActiveCfg = Release|Any CPU
		{9EAF6C7F-BF47-4C68-BE82-F2BC4E8B9895}.Release|Any CPU.Build.0 = Release|Any CPU
		{8753B227-EBF6-43FB-AD04-5327938D4EF6}.Debug|Any CPU.ActiveCfg = Debug|Any CPU
		{8753B227-EBF6-43FB-AD04-5327938D4EF6}.Debug|Any CPU.Build.0 = Debug|Any CPU
		{8753B227-EBF6-43FB-AD04-5327938D4EF6}.Release|Any CPU.ActiveCfg = Release|Any CPU
		{8753B227-EBF6-43FB-AD04-5327938D4EF6}.Release|Any CPU.Build.0 = Release|Any CPU
		{E8DDDC7A-39C4-4A43-9E41-0913852FB9FA}.Debug|Any CPU.ActiveCfg = Debug|Any CPU
		{E8DDDC7A-39C4-4A43-9E41-0913852FB9FA}.Debug|Any CPU.Build.0 = Debug|Any CPU
		{E8DDDC7A-39C4-4A43-9E41-0913852FB9FA}.Release|Any CPU.ActiveCfg = Release|Any CPU
		{E8DDDC7A-39C4-4A43-9E41-0913852FB9FA}.Release|Any CPU.Build.0 = Release|Any CPU
		{99171B6A-4804-4D1C-948E-5B583837CE6A}.Debug|Any CPU.ActiveCfg = Debug|Any CPU
		{99171B6A-4804-4D1C-948E-5B583837CE6A}.Debug|Any CPU.Build.0 = Debug|Any CPU
		{99171B6A-4804-4D1C-948E-5B583837CE6A}.Release|Any CPU.ActiveCfg = Release|Any CPU
		{99171B6A-4804-4D1C-948E-5B583837CE6A}.Release|Any CPU.Build.0 = Release|Any CPU
		{25324394-D1F2-4FE6-97F8-3A870A695266}.Debug|Any CPU.ActiveCfg = Debug|Any CPU
		{25324394-D1F2-4FE6-97F8-3A870A695266}.Debug|Any CPU.Build.0 = Debug|Any CPU
		{25324394-D1F2-4FE6-97F8-3A870A695266}.Release|Any CPU.ActiveCfg = Release|Any CPU
		{25324394-D1F2-4FE6-97F8-3A870A695266}.Release|Any CPU.Build.0 = Release|Any CPU
		{41D4DE64-DAC8-4102-8F64-6CEB239E4F69}.Debug|Any CPU.ActiveCfg = Debug|Any CPU
		{41D4DE64-DAC8-4102-8F64-6CEB239E4F69}.Debug|Any CPU.Build.0 = Debug|Any CPU
		{41D4DE64-DAC8-4102-8F64-6CEB239E4F69}.Release|Any CPU.ActiveCfg = Release|Any CPU
		{41D4DE64-DAC8-4102-8F64-6CEB239E4F69}.Release|Any CPU.Build.0 = Release|Any CPU
		{089229B3-72EA-40B6-9509-92BB5640A75B}.Debug|Any CPU.ActiveCfg = Debug|Any CPU
		{089229B3-72EA-40B6-9509-92BB5640A75B}.Debug|Any CPU.Build.0 = Debug|Any CPU
		{089229B3-72EA-40B6-9509-92BB5640A75B}.Release|Any CPU.ActiveCfg = Release|Any CPU
		{089229B3-72EA-40B6-9509-92BB5640A75B}.Release|Any CPU.Build.0 = Release|Any CPU
		{F1AE9FCC-5003-41A5-A2A3-E53FF9B4BA3E}.Debug|Any CPU.ActiveCfg = Debug|Any CPU
		{F1AE9FCC-5003-41A5-A2A3-E53FF9B4BA3E}.Debug|Any CPU.Build.0 = Debug|Any CPU
		{F1AE9FCC-5003-41A5-A2A3-E53FF9B4BA3E}.Release|Any CPU.ActiveCfg = Release|Any CPU
		{F1AE9FCC-5003-41A5-A2A3-E53FF9B4BA3E}.Release|Any CPU.Build.0 = Release|Any CPU
		{F43BAAC0-774F-4BA0-8376-643F93C2115E}.Debug|Any CPU.ActiveCfg = Debug|Any CPU
		{F43BAAC0-774F-4BA0-8376-643F93C2115E}.Debug|Any CPU.Build.0 = Debug|Any CPU
		{F43BAAC0-774F-4BA0-8376-643F93C2115E}.Release|Any CPU.ActiveCfg = Release|Any CPU
		{F43BAAC0-774F-4BA0-8376-643F93C2115E}.Release|Any CPU.Build.0 = Release|Any CPU
		{960E511E-AF2F-4449-A240-28AC67B881A2}.Debug|Any CPU.ActiveCfg = Debug|Any CPU
		{960E511E-AF2F-4449-A240-28AC67B881A2}.Debug|Any CPU.Build.0 = Debug|Any CPU
		{960E511E-AF2F-4449-A240-28AC67B881A2}.Release|Any CPU.ActiveCfg = Release|Any CPU
		{960E511E-AF2F-4449-A240-28AC67B881A2}.Release|Any CPU.Build.0 = Release|Any CPU
	EndGlobalSection
	GlobalSection(SolutionProperties) = preSolution
		HideSolutionNode = FALSE
	EndGlobalSection
	GlobalSection(NestedProjects) = preSolution
		{F708B6DD-7738-4B13-B801-8CB9A6547695} = {9EA176E3-B460-4BBE-A764-980BE045A69B}
		{35DD5536-BE2D-4806-AB27-BFAA1F53802C} = {9EA176E3-B460-4BBE-A764-980BE045A69B}
		{82E22676-5C5B-4325-8F9C-9F89C5DA0D92} = {9EA176E3-B460-4BBE-A764-980BE045A69B}
		{A3244D16-DE6D-4CE9-BB32-2968512840FD} = {9EA176E3-B460-4BBE-A764-980BE045A69B}
		{9A16E1F7-2BAF-4D7C-AFD2-E8794764A0A0} = {C7CCA092-E523-481A-997F-98B5238DF705}
		{9EAF6C7F-BF47-4C68-BE82-F2BC4E8B9895} = {C83DC914-E4D5-4966-A59C-8287E4349250}
		{8753B227-EBF6-43FB-AD04-5327938D4EF6} = {C83DC914-E4D5-4966-A59C-8287E4349250}
		{E8DDDC7A-39C4-4A43-9E41-0913852FB9FA} = {C83DC914-E4D5-4966-A59C-8287E4349250}
		{99171B6A-4804-4D1C-948E-5B583837CE6A} = {C83DC914-E4D5-4966-A59C-8287E4349250}
		{25324394-D1F2-4FE6-97F8-3A870A695266} = {C83DC914-E4D5-4966-A59C-8287E4349250}
		{41D4DE64-DAC8-4102-8F64-6CEB239E4F69} = {F01C4C6D-3A51-4E64-AC71-71D8D302245B}
		{F01C4C6D-3A51-4E64-AC71-71D8D302245B} = {C83DC914-E4D5-4966-A59C-8287E4349250}
		{089229B3-72EA-40B6-9509-92BB5640A75B} = {C83DC914-E4D5-4966-A59C-8287E4349250}
		{F1AE9FCC-5003-41A5-A2A3-E53FF9B4BA3E} = {C83DC914-E4D5-4966-A59C-8287E4349250}
		{F43BAAC0-774F-4BA0-8376-643F93C2115E} = {C83DC914-E4D5-4966-A59C-8287E4349250}
		{960E511E-AF2F-4449-A240-28AC67B881A2} = {C83DC914-E4D5-4966-A59C-8287E4349250}
	EndGlobalSection
EndGlobal
